
Microsoft Visual Studio Solution File, Format Version 12.00
# Visual Studio Version 16
VisualStudioVersion = 16.0.31515.178
MinimumVisualStudioVersion = 10.0.40219.1
Project("{FAE04EC0-301F-11D3-BF4B-00C04F79EFBC}") = "Zar Oyunu", "Zar Oyunu\Zar Oyunu.csproj", "{06532518-4B26-40C6-A022-6B677A724B7E}"
EndProject
Global
	GlobalSection(SolutionConfigurationPlatforms) = preSolution
		Debug|Any CPU = Debug|Any CPU
		Release|Any CPU = Release|Any CPU
	EndGlobalSection
	GlobalSection(ProjectConfigurationPlatforms) = postSolution
		{06532518-4B26-40C6-A022-6B677A724B7E}.Debug|Any CPU.ActiveCfg = Debug|Any CPU
		{06532518-4B26-40C6-A022-6B677A724B7E}.Debug|Any CPU.Build.0 = Debug|Any CPU
		{06532518-4B26-40C6-A022-6B677A724B7E}.Release|Any CPU.ActiveCfg = Release|Any CPU
		{06532518-4B26-40C6-A022-6B677A724B7E}.Release|Any CPU.Build.0 = Release|Any CPU
	EndGlobalSection
	GlobalSection(SolutionProperties) = preSolution
		HideSolutionNode = FALSE
	EndGlobalSection
	GlobalSection(ExtensibilityGlobals) = postSolution
		SolutionGuid = {1C7DC4FA-C57C-4F91-A3E5-2D2A0C5BF56B}
	EndGlobalSection
EndGlobal
