
Microsoft Visual Studio Solution File, Format Version 12.00
# Visual Studio Version 16
VisualStudioVersion = 16.0.31515.178
MinimumVisualStudioVersion = 10.0.40219.1
Project("{FAE04EC0-301F-11D3-BF4B-00C04F79EFBC}") = "Matematik İşlemler(Üssü,Karekök)", "Matematik İşlemler(Üssü,Karekök)\Matematik İşlemler(Üssü,Karekök).csproj", "{F1B1F3A3-6273-433A-ACEA-45D74B026784}"
EndProject
Global
	GlobalSection(SolutionConfigurationPlatforms) = preSolution
		Debug|Any CPU = Debug|Any CPU
		Release|Any CPU = Release|Any CPU
	EndGlobalSection
	GlobalSection(ProjectConfigurationPlatforms) = postSolution
		{F1B1F3A3-6273-433A-ACEA-45D74B026784}.Debug|Any CPU.ActiveCfg = Debug|Any CPU
		{F1B1F3A3-6273-433A-ACEA-45D74B026784}.Debug|Any CPU.Build.0 = Debug|Any CPU
		{F1B1F3A3-6273-433A-ACEA-45D74B026784}.Release|Any CPU.ActiveCfg = Release|Any CPU
		{F1B1F3A3-6273-433A-ACEA-45D74B026784}.Release|Any CPU.Build.0 = Release|Any CPU
	EndGlobalSection
	GlobalSection(SolutionProperties) = preSolution
		HideSolutionNode = FALSE
	EndGlobalSection
	GlobalSection(ExtensibilityGlobals) = postSolution
		SolutionGuid = {DC62DDC3-079E-43E1-884C-E456B0FD622F}
	EndGlobalSection
EndGlobal
