
Microsoft Visual Studio Solution File, Format Version 12.00
# Visual Studio Version 16
VisualStudioVersion = 16.0.31515.178
MinimumVisualStudioVersion = 10.0.40219.1
Project("{FAE04EC0-301F-11D3-BF4B-00C04F79EFBC}") = "Tam Bölünenleri Hesaplama", "Tam Bölünenleri Hesaplama\Tam Bölünenleri Hesaplama.csproj", "{1A75E2A9-48B9-43E1-A70A-7930B977B7CD}"
EndProject
Global
	GlobalSection(SolutionConfigurationPlatforms) = preSolution
		Debug|Any CPU = Debug|Any CPU
		Release|Any CPU = Release|Any CPU
	EndGlobalSection
	GlobalSection(ProjectConfigurationPlatforms) = postSolution
		{1A75E2A9-48B9-43E1-A70A-7930B977B7CD}.Debug|Any CPU.ActiveCfg = Debug|Any CPU
		{1A75E2A9-48B9-43E1-A70A-7930B977B7CD}.Debug|Any CPU.Build.0 = Debug|Any CPU
		{1A75E2A9-48B9-43E1-A70A-7930B977B7CD}.Release|Any CPU.ActiveCfg = Release|Any CPU
		{1A75E2A9-48B9-43E1-A70A-7930B977B7CD}.Release|Any CPU.Build.0 = Release|Any CPU
	EndGlobalSection
	GlobalSection(SolutionProperties) = preSolution
		HideSolutionNode = FALSE
	EndGlobalSection
	GlobalSection(ExtensibilityGlobals) = postSolution
		SolutionGuid = {8E6F8F65-824E-46AB-92C7-6B52FC70F6BD}
	EndGlobalSection
EndGlobal
