
Microsoft Visual Studio Solution File, Format Version 12.00
# Visual Studio Version 16
VisualStudioVersion = 16.0.31515.178
MinimumVisualStudioVersion = 10.0.40219.1
Project("{FAE04EC0-301F-11D3-BF4B-00C04F79EFBC}") = "Media Player Ekleme", "Media Player Ekleme\Media Player Ekleme.csproj", "{A1549D7F-B195-482C-B0E2-0A5CE5E29A51}"
EndProject
Global
	GlobalSection(SolutionConfigurationPlatforms) = preSolution
		Debug|Any CPU = Debug|Any CPU
		Release|Any CPU = Release|Any CPU
	EndGlobalSection
	GlobalSection(ProjectConfigurationPlatforms) = postSolution
		{A1549D7F-B195-482C-B0E2-0A5CE5E29A51}.Debug|Any CPU.ActiveCfg = Debug|Any CPU
		{A1549D7F-B195-482C-B0E2-0A5CE5E29A51}.Debug|Any CPU.Build.0 = Debug|Any CPU
		{A1549D7F-B195-482C-B0E2-0A5CE5E29A51}.Release|Any CPU.ActiveCfg = Release|Any CPU
		{A1549D7F-B195-482C-B0E2-0A5CE5E29A51}.Release|Any CPU.Build.0 = Release|Any CPU
	EndGlobalSection
	GlobalSection(SolutionProperties) = preSolution
		HideSolutionNode = FALSE
	EndGlobalSection
	GlobalSection(ExtensibilityGlobals) = postSolution
		SolutionGuid = {1E9AC8CA-CFD8-42C7-B029-DCACD8A0C3F7}
	EndGlobalSection
EndGlobal
