
Microsoft Visual Studio Solution File, Format Version 12.00
# Visual Studio Version 16
VisualStudioVersion = 16.0.31424.327
MinimumVisualStudioVersion = 10.0.40219.1
Project("{FAE04EC0-301F-11D3-BF4B-00C04F79EFBC}") = "Kullanıcı Paneli", "Kullanıcı Paneli\Kullanıcı Paneli.csproj", "{0663F717-0113-46A4-BA91-92BE344E7793}"
EndProject
Global
	GlobalSection(SolutionConfigurationPlatforms) = preSolution
		Debug|Any CPU = Debug|Any CPU
		Release|Any CPU = Release|Any CPU
	EndGlobalSection
	GlobalSection(ProjectConfigurationPlatforms) = postSolution
		{0663F717-0113-46A4-BA91-92BE344E7793}.Debug|Any CPU.ActiveCfg = Debug|Any CPU
		{0663F717-0113-46A4-BA91-92BE344E7793}.Debug|Any CPU.Build.0 = Debug|Any CPU
		{0663F717-0113-46A4-BA91-92BE344E7793}.Release|Any CPU.ActiveCfg = Release|Any CPU
		{0663F717-0113-46A4-BA91-92BE344E7793}.Release|Any CPU.Build.0 = Release|Any CPU
	EndGlobalSection
	GlobalSection(SolutionProperties) = preSolution
		HideSolutionNode = FALSE
	EndGlobalSection
	GlobalSection(ExtensibilityGlobals) = postSolution
		SolutionGuid = {61030815-39F1-4902-8EE5-AD43EA08C6B0}
	EndGlobalSection
EndGlobal
