
Microsoft Visual Studio Solution File, Format Version 12.00
# Visual Studio Version 16
VisualStudioVersion = 16.0.31613.86
MinimumVisualStudioVersion = 10.0.40219.1
Project("{FAE04EC0-301F-11D3-BF4B-00C04F79EFBC}") = "Psikolojik Analiz Test Uygulaması (End)", "Psikolojik Analiz Test Uygulaması (End)\Psikolojik Analiz Test Uygulaması (End).csproj", "{5D20EEDD-9230-40B5-976A-488AA6F0BC6D}"
EndProject
Global
	GlobalSection(SolutionConfigurationPlatforms) = preSolution
		Debug|Any CPU = Debug|Any CPU
		Release|Any CPU = Release|Any CPU
	EndGlobalSection
	GlobalSection(ProjectConfigurationPlatforms) = postSolution
		{5D20EEDD-9230-40B5-976A-488AA6F0BC6D}.Debug|Any CPU.ActiveCfg = Debug|Any CPU
		{5D20EEDD-9230-40B5-976A-488AA6F0BC6D}.Debug|Any CPU.Build.0 = Debug|Any CPU
		{5D20EEDD-9230-40B5-976A-488AA6F0BC6D}.Release|Any CPU.ActiveCfg = Release|Any CPU
		{5D20EEDD-9230-40B5-976A-488AA6F0BC6D}.Release|Any CPU.Build.0 = Release|Any CPU
	EndGlobalSection
	GlobalSection(SolutionProperties) = preSolution
		HideSolutionNode = FALSE
	EndGlobalSection
	GlobalSection(ExtensibilityGlobals) = postSolution
		SolutionGuid = {AEF4B415-38BD-4D9E-BDAF-9059045B03E1}
	EndGlobalSection
EndGlobal
