
Microsoft Visual Studio Solution File, Format Version 12.00
# Visual Studio Version 16
VisualStudioVersion = 16.0.31515.178
MinimumVisualStudioVersion = 10.0.40219.1
Project("{FAE04EC0-301F-11D3-BF4B-00C04F79EFBC}") = "Double Kullanım Örneği", "Double Kullanım Örneği\Double Kullanım Örneği.csproj", "{4C2A8D4C-E777-470E-9D59-D783C0A287F5}"
EndProject
Global
	GlobalSection(SolutionConfigurationPlatforms) = preSolution
		Debug|Any CPU = Debug|Any CPU
		Release|Any CPU = Release|Any CPU
	EndGlobalSection
	GlobalSection(ProjectConfigurationPlatforms) = postSolution
		{4C2A8D4C-E777-470E-9D59-D783C0A287F5}.Debug|Any CPU.ActiveCfg = Debug|Any CPU
		{4C2A8D4C-E777-470E-9D59-D783C0A287F5}.Debug|Any CPU.Build.0 = Debug|Any CPU
		{4C2A8D4C-E777-470E-9D59-D783C0A287F5}.Release|Any CPU.ActiveCfg = Release|Any CPU
		{4C2A8D4C-E777-470E-9D59-D783C0A287F5}.Release|Any CPU.Build.0 = Release|Any CPU
	EndGlobalSection
	GlobalSection(SolutionProperties) = preSolution
		HideSolutionNode = FALSE
	EndGlobalSection
	GlobalSection(ExtensibilityGlobals) = postSolution
		SolutionGuid = {8DA8EE77-2E79-4343-83D6-06432819A715}
	EndGlobalSection
EndGlobal
