
Microsoft Visual Studio Solution File, Format Version 12.00
# Visual Studio Version 16
VisualStudioVersion = 16.0.31613.86
MinimumVisualStudioVersion = 10.0.40219.1
Project("{FAE04EC0-301F-11D3-BF4B-00C04F79EFBC}") = "BlackJack (21 Oyunu) Similasyon", "BlackJack (21 Oyunu) Similasyon\BlackJack (21 Oyunu) Similasyon.csproj", "{6F5820B9-E0C2-42EC-947C-31D7465AE857}"
EndProject
Global
	GlobalSection(SolutionConfigurationPlatforms) = preSolution
		Debug|Any CPU = Debug|Any CPU
		Release|Any CPU = Release|Any CPU
	EndGlobalSection
	GlobalSection(ProjectConfigurationPlatforms) = postSolution
		{6F5820B9-E0C2-42EC-947C-31D7465AE857}.Debug|Any CPU.ActiveCfg = Debug|Any CPU
		{6F5820B9-E0C2-42EC-947C-31D7465AE857}.Debug|Any CPU.Build.0 = Debug|Any CPU
		{6F5820B9-E0C2-42EC-947C-31D7465AE857}.Release|Any CPU.ActiveCfg = Release|Any CPU
		{6F5820B9-E0C2-42EC-947C-31D7465AE857}.Release|Any CPU.Build.0 = Release|Any CPU
	EndGlobalSection
	GlobalSection(SolutionProperties) = preSolution
		HideSolutionNode = FALSE
	EndGlobalSection
	GlobalSection(ExtensibilityGlobals) = postSolution
		SolutionGuid = {86DBF010-8455-49A7-9E9D-2A96DC873841}
	EndGlobalSection
EndGlobal
