
Microsoft Visual Studio Solution File, Format Version 12.00
# Visual Studio Version 16
VisualStudioVersion = 16.0.31515.178
MinimumVisualStudioVersion = 10.0.40219.1
Project("{FAE04EC0-301F-11D3-BF4B-00C04F79EFBC}") = "Kayıt(SQL Server veri kaydı)", "Kayıt(SQL Server veri kaydı)\Kayıt(SQL Server veri kaydı).csproj", "{AEC8D6A2-0723-41EC-80E5-E1324B466678}"
EndProject
Global
	GlobalSection(SolutionConfigurationPlatforms) = preSolution
		Debug|Any CPU = Debug|Any CPU
		Release|Any CPU = Release|Any CPU
	EndGlobalSection
	GlobalSection(ProjectConfigurationPlatforms) = postSolution
		{AEC8D6A2-0723-41EC-80E5-E1324B466678}.Debug|Any CPU.ActiveCfg = Debug|Any CPU
		{AEC8D6A2-0723-41EC-80E5-E1324B466678}.Debug|Any CPU.Build.0 = Debug|Any CPU
		{AEC8D6A2-0723-41EC-80E5-E1324B466678}.Release|Any CPU.ActiveCfg = Release|Any CPU
		{AEC8D6A2-0723-41EC-80E5-E1324B466678}.Release|Any CPU.Build.0 = Release|Any CPU
	EndGlobalSection
	GlobalSection(SolutionProperties) = preSolution
		HideSolutionNode = FALSE
	EndGlobalSection
	GlobalSection(ExtensibilityGlobals) = postSolution
		SolutionGuid = {036707DB-23D4-47BF-AA4B-1E3B8F750DD2}
	EndGlobalSection
EndGlobal
