
Microsoft Visual Studio Solution File, Format Version 12.00
# Visual Studio Version 16
VisualStudioVersion = 16.0.31702.278
MinimumVisualStudioVersion = 10.0.40219.1
Project("{FAE04EC0-301F-11D3-BF4B-00C04F79EFBC}") = "DataGridview 1 (Sütün ekleme)", "DataGridview 1 (Sütün ekleme)\DataGridview 1 (Sütün ekleme).csproj", "{CEB091C0-DBD3-45E0-90EA-E0796B1CEA21}"
EndProject
Global
	GlobalSection(SolutionConfigurationPlatforms) = preSolution
		Debug|Any CPU = Debug|Any CPU
		Release|Any CPU = Release|Any CPU
	EndGlobalSection
	GlobalSection(ProjectConfigurationPlatforms) = postSolution
		{CEB091C0-DBD3-45E0-90EA-E0796B1CEA21}.Debug|Any CPU.ActiveCfg = Debug|Any CPU
		{CEB091C0-DBD3-45E0-90EA-E0796B1CEA21}.Debug|Any CPU.Build.0 = Debug|Any CPU
		{CEB091C0-DBD3-45E0-90EA-E0796B1CEA21}.Release|Any CPU.ActiveCfg = Release|Any CPU
		{CEB091C0-DBD3-45E0-90EA-E0796B1CEA21}.Release|Any CPU.Build.0 = Release|Any CPU
	EndGlobalSection
	GlobalSection(SolutionProperties) = preSolution
		HideSolutionNode = FALSE
	EndGlobalSection
	GlobalSection(ExtensibilityGlobals) = postSolution
		SolutionGuid = {FFC582BA-0746-43DE-AFDE-1056A56B0CED}
	EndGlobalSection
EndGlobal
