
Microsoft Visual Studio Solution File, Format Version 12.00
# Visual Studio Version 16
VisualStudioVersion = 16.0.31702.278
MinimumVisualStudioVersion = 10.0.40219.1
Project("{FAE04EC0-301F-11D3-BF4B-00C04F79EFBC}") = "TabControl (Öğrenci Bilgileri)", "TabControl (Öğrenci Bilgileri)\TabControl (Öğrenci Bilgileri).csproj", "{E0388DB6-C654-4D12-818E-F2D9E51BA09C}"
EndProject
Global
	GlobalSection(SolutionConfigurationPlatforms) = preSolution
		Debug|Any CPU = Debug|Any CPU
		Release|Any CPU = Release|Any CPU
	EndGlobalSection
	GlobalSection(ProjectConfigurationPlatforms) = postSolution
		{E0388DB6-C654-4D12-818E-F2D9E51BA09C}.Debug|Any CPU.ActiveCfg = Debug|Any CPU
		{E0388DB6-C654-4D12-818E-F2D9E51BA09C}.Debug|Any CPU.Build.0 = Debug|Any CPU
		{E0388DB6-C654-4D12-818E-F2D9E51BA09C}.Release|Any CPU.ActiveCfg = Release|Any CPU
		{E0388DB6-C654-4D12-818E-F2D9E51BA09C}.Release|Any CPU.Build.0 = Release|Any CPU
	EndGlobalSection
	GlobalSection(SolutionProperties) = preSolution
		HideSolutionNode = FALSE
	EndGlobalSection
	GlobalSection(ExtensibilityGlobals) = postSolution
		SolutionGuid = {09A4F14C-39D6-4138-82E8-0D6DD885D440}
	EndGlobalSection
EndGlobal
