
Microsoft Visual Studio Solution File, Format Version 12.00
# Visual Studio Version 16
VisualStudioVersion = 16.0.31613.86
MinimumVisualStudioVersion = 10.0.40219.1
Project("{FAE04EC0-301F-11D3-BF4B-00C04F79EFBC}") = "Bilgi Yarışması (SQL.Veri Tabanı Ekleme)", "Bilgi Yarışması (SQL.Veri Tabanı Ekleme)\Bilgi Yarışması (SQL.Veri Tabanı Ekleme).csproj", "{A14FA8DF-DCAB-4A90-BD4A-697AA16D3481}"
EndProject
Global
	GlobalSection(SolutionConfigurationPlatforms) = preSolution
		Debug|Any CPU = Debug|Any CPU
		Release|Any CPU = Release|Any CPU
	EndGlobalSection
	GlobalSection(ProjectConfigurationPlatforms) = postSolution
		{A14FA8DF-DCAB-4A90-BD4A-697AA16D3481}.Debug|Any CPU.ActiveCfg = Debug|Any CPU
		{A14FA8DF-DCAB-4A90-BD4A-697AA16D3481}.Debug|Any CPU.Build.0 = Debug|Any CPU
		{A14FA8DF-DCAB-4A90-BD4A-697AA16D3481}.Release|Any CPU.ActiveCfg = Release|Any CPU
		{A14FA8DF-DCAB-4A90-BD4A-697AA16D3481}.Release|Any CPU.Build.0 = Release|Any CPU
	EndGlobalSection
	GlobalSection(SolutionProperties) = preSolution
		HideSolutionNode = FALSE
	EndGlobalSection
	GlobalSection(ExtensibilityGlobals) = postSolution
		SolutionGuid = {007BB7CC-ADFC-4B17-B56B-38C6E8A1C705}
	EndGlobalSection
EndGlobal
