
Microsoft Visual Studio Solution File, Format Version 12.00
# Visual Studio Version 16
VisualStudioVersion = 16.0.31702.278
MinimumVisualStudioVersion = 10.0.40219.1
Project("{FAE04EC0-301F-11D3-BF4B-00C04F79EFBC}") = "Progress Kullanımı", "Progress Kullanımı\Progress Kullanımı.csproj", "{8FF36E97-8603-43E6-B887-28BED6109735}"
EndProject
Global
	GlobalSection(SolutionConfigurationPlatforms) = preSolution
		Debug|Any CPU = Debug|Any CPU
		Release|Any CPU = Release|Any CPU
	EndGlobalSection
	GlobalSection(ProjectConfigurationPlatforms) = postSolution
		{8FF36E97-8603-43E6-B887-28BED6109735}.Debug|Any CPU.ActiveCfg = Debug|Any CPU
		{8FF36E97-8603-43E6-B887-28BED6109735}.Debug|Any CPU.Build.0 = Debug|Any CPU
		{8FF36E97-8603-43E6-B887-28BED6109735}.Release|Any CPU.ActiveCfg = Release|Any CPU
		{8FF36E97-8603-43E6-B887-28BED6109735}.Release|Any CPU.Build.0 = Release|Any CPU
	EndGlobalSection
	GlobalSection(SolutionProperties) = preSolution
		HideSolutionNode = FALSE
	EndGlobalSection
	GlobalSection(ExtensibilityGlobals) = postSolution
		SolutionGuid = {29A683A7-294E-4367-98C6-FCB33A220D0E}
	EndGlobalSection
EndGlobal
