
Microsoft Visual Studio Solution File, Format Version 12.00
# Visual Studio Version 16
VisualStudioVersion = 16.0.31613.86
MinimumVisualStudioVersion = 10.0.40219.1
Project("{FAE04EC0-301F-11D3-BF4B-00C04F79EFBC}") = "Diziler Örnek 2 (Dizi Toplama, Çıkarma, Çarpma)", "Diziler Örnek 2 (Dizi Toplama, Çıkarma, Çarpma)\Diziler Örnek 2 (Dizi Toplama, Çıkarma, Çarpma).csproj", "{625FB54D-AB73-4973-B9CC-E0D8BFF215A1}"
EndProject
Global
	GlobalSection(SolutionConfigurationPlatforms) = preSolution
		Debug|Any CPU = Debug|Any CPU
		Release|Any CPU = Release|Any CPU
	EndGlobalSection
	GlobalSection(ProjectConfigurationPlatforms) = postSolution
		{625FB54D-AB73-4973-B9CC-E0D8BFF215A1}.Debug|Any CPU.ActiveCfg = Debug|Any CPU
		{625FB54D-AB73-4973-B9CC-E0D8BFF215A1}.Debug|Any CPU.Build.0 = Debug|Any CPU
		{625FB54D-AB73-4973-B9CC-E0D8BFF215A1}.Release|Any CPU.ActiveCfg = Release|Any CPU
		{625FB54D-AB73-4973-B9CC-E0D8BFF215A1}.Release|Any CPU.Build.0 = Release|Any CPU
	EndGlobalSection
	GlobalSection(SolutionProperties) = preSolution
		HideSolutionNode = FALSE
	EndGlobalSection
	GlobalSection(ExtensibilityGlobals) = postSolution
		SolutionGuid = {12D39483-FD32-4BFB-9F19-D93F5DA2051E}
	EndGlobalSection
EndGlobal
