
Microsoft Visual Studio Solution File, Format Version 12.00
# Visual Studio Version 16
VisualStudioVersion = 16.0.31515.178
MinimumVisualStudioVersion = 10.0.40219.1
Project("{FAE04EC0-301F-11D3-BF4B-00C04F79EFBC}") = "At Yarışı Similasyonu", "At Yarışı Similasyonu\At Yarışı Similasyonu.csproj", "{2EEBED17-C682-4602-B5F4-042CD7B9E284}"
EndProject
Global
	GlobalSection(SolutionConfigurationPlatforms) = preSolution
		Debug|Any CPU = Debug|Any CPU
		Release|Any CPU = Release|Any CPU
	EndGlobalSection
	GlobalSection(ProjectConfigurationPlatforms) = postSolution
		{2EEBED17-C682-4602-B5F4-042CD7B9E284}.Debug|Any CPU.ActiveCfg = Debug|Any CPU
		{2EEBED17-C682-4602-B5F4-042CD7B9E284}.Debug|Any CPU.Build.0 = Debug|Any CPU
		{2EEBED17-C682-4602-B5F4-042CD7B9E284}.Release|Any CPU.ActiveCfg = Release|Any CPU
		{2EEBED17-C682-4602-B5F4-042CD7B9E284}.Release|Any CPU.Build.0 = Release|Any CPU
	EndGlobalSection
	GlobalSection(SolutionProperties) = preSolution
		HideSolutionNode = FALSE
	EndGlobalSection
	GlobalSection(ExtensibilityGlobals) = postSolution
		SolutionGuid = {39D161FA-3EB8-46C2-935F-CDAB443D66C0}
	EndGlobalSection
EndGlobal
