
Microsoft Visual Studio Solution File, Format Version 12.00
# Visual Studio Version 16
VisualStudioVersion = 16.0.31515.178
MinimumVisualStudioVersion = 10.0.40219.1
Project("{FAE04EC0-301F-11D3-BF4B-00C04F79EFBC}") = "DateBase Ekleme(SQL Server bağlama)", "DateBase Ekleme(SQL Server bağlama)\DateBase Ekleme(SQL Server bağlama).csproj", "{39900BF2-4456-42A6-90C5-A127BB707120}"
EndProject
Global
	GlobalSection(SolutionConfigurationPlatforms) = preSolution
		Debug|Any CPU = Debug|Any CPU
		Release|Any CPU = Release|Any CPU
	EndGlobalSection
	GlobalSection(ProjectConfigurationPlatforms) = postSolution
		{39900BF2-4456-42A6-90C5-A127BB707120}.Debug|Any CPU.ActiveCfg = Debug|Any CPU
		{39900BF2-4456-42A6-90C5-A127BB707120}.Debug|Any CPU.Build.0 = Debug|Any CPU
		{39900BF2-4456-42A6-90C5-A127BB707120}.Release|Any CPU.ActiveCfg = Release|Any CPU
		{39900BF2-4456-42A6-90C5-A127BB707120}.Release|Any CPU.Build.0 = Release|Any CPU
	EndGlobalSection
	GlobalSection(SolutionProperties) = preSolution
		HideSolutionNode = FALSE
	EndGlobalSection
	GlobalSection(ExtensibilityGlobals) = postSolution
		SolutionGuid = {8F91B147-5463-41A5-B357-C0881C1EA1D5}
	EndGlobalSection
EndGlobal
